<?xml version="1.0" encoding="utf-8"?>
<Project ToolsVersion="4.0" xmlns="http://schemas.microsoft.com/developer/msbuild/2003">
  <ItemGroup>
    <Filter Include="Source Files">
      <UniqueIdentifier>{4FC737F1-C7A5-4376-A066-2A32D752A2FF}</UniqueIdentifier>
      <Extensions>qml;cpp;c;cc;cxx;def;odl;idl;hpj;bat;asm;asmx</Extensions>
    </Filter>
    <Filter Include="Header Files">
      <UniqueIdentifier>{93995380-89BD-4b04-88EB-625FBE52EBFB}</UniqueIdentifier>
      <Extensions>h;hh;hpp;hxx;hm;inl;inc;xsd</Extensions>
    </Filter>
    <Filter Include="Resource Files">
      <UniqueIdentifier>{67DA6AB6-F800-4c08-8B7A-83BB121AAD01}</UniqueIdentifier>
      <Extensions>qrc;rc;ico;cur;bmp;dlg;rc2;rct;bin;rgs;gif;jpg;jpeg;jpe;resx;tiff;tif;png;wav;mfcribbon-ms</Extensions>
    </Filter>
    <Filter Include="Form Files">
      <UniqueIdentifier>{99349809-55BA-4b9d-BF79-8FDBB0286EB3}</UniqueIdentifier>
      <Extensions>ui</Extensions>
    </Filter>
    <Filter Include="Translation Files">
      <UniqueIdentifier>{639EADAA-A684-42e4-A9AD-28FC9BCB8F7C}</UniqueIdentifier>
      <Extensions>ts</Extensions>
    </Filter>
    <Filter Include="Panels">
      <UniqueIdentifier>{f719a4b5-3991-4870-a522-6ca3a942f194}</UniqueIdentifier>
    </Filter>
    <Filter Include="Animation">
      <UniqueIdentifier>{0276a480-9257-4c21-9c6f-d506220ffab4}</UniqueIdentifier>
    </Filter>
    <Filter Include="Commands">
      <UniqueIdentifier>{0b57f69c-732c-4e2b-9d96-b9112d40ccc8}</UniqueIdentifier>
    </Filter>
    <Filter Include="Tools">
      <UniqueIdentifier>{aa1a5f76-3a34-4287-acc8-3f2d85b7403e}</UniqueIdentifier>
    </Filter>
    <Filter Include="VectorGraphics">
      <UniqueIdentifier>{9e7fde60-8ffd-4eae-b372-825c04b8e1a9}</UniqueIdentifier>
    </Filter>
    <Filter Include="Dialogs">
      <UniqueIdentifier>{deae9bab-17a7-458e-8b31-e70a5892bf38}</UniqueIdentifier>
    </Filter>
  </ItemGroup>
  <ItemGroup>
    <ClCompile Include="Canvas.cpp">
      <Filter>Source Files</Filter>
    </ClCompile>
    <ClCompile Include="main.cpp">
      <Filter>Source Files</Filter>
    </ClCompile>
    <ClCompile Include="MainWindow.cpp">
      <Filter>Source Files</Filter>
    </ClCompile>
    <ClCompile Include="Timeline.cpp">
      <Filter>Source Files</Filter>
    </ClCompile>
    <ClCompile Include="Panels\AlignmentPanel.cpp">
      <Filter>Panels</Filter>
    </ClCompile>
    <ClCompile Include="Panels\ColorPanel.cpp">
      <Filter>Panels</Filter>
    </ClCompile>
    <ClCompile Include="Panels\LayerManager.cpp">
      <Filter>Panels</Filter>
    </ClCompile>
    <ClCompile Include="Panels\PropertiesPanel.cpp">
      <Filter>Panels</Filter>
    </ClCompile>
    <ClCompile Include="Panels\ToolsPanel.cpp">
      <Filter>Panels</Filter>
    </ClCompile>
    <ClCompile Include="Animation\AnimationController.cpp">
      <Filter>Animation</Filter>
    </ClCompile>
    <ClCompile Include="Animation\AnimationKeyframe.cpp">
      <Filter>Animation</Filter>
    </ClCompile>
    <ClCompile Include="Animation\AnimationLayer.cpp">
      <Filter>Animation</Filter>
    </ClCompile>
    <ClCompile Include="Commands\UndoCommands.cpp">
      <Filter>Commands</Filter>
    </ClCompile>
    <ClCompile Include="Tools\EllipseTool.cpp">
      <Filter>Tools</Filter>
    </ClCompile>
    <ClCompile Include="Tools\LineTool.cpp">
      <Filter>Tools</Filter>
    </ClCompile>
    <ClCompile Include="Tools\RectangleTool.cpp">
      <Filter>Tools</Filter>
    </ClCompile>
    <ClCompile Include="Tools\SelectionTool.cpp">
      <Filter>Tools</Filter>
    </ClCompile>
    <ClCompile Include="Tools\TextTool.cpp">
      <Filter>Tools</Filter>
    </ClCompile>
    <ClCompile Include="Tools\Tool.cpp">
      <Filter>Tools</Filter>
    </ClCompile>
    <ClCompile Include="VectorGraphics\VectorGraphicsItem.cpp">
      <Filter>VectorGraphics</Filter>
    </ClCompile>
    <ClCompile Include="BucketFillTool.cpp">
      <Filter>Tools</Filter>
    </ClCompile>
    <ClCompile Include="Tools\DrawingTool.cpp">
      <Filter>Tools</Filter>
    </ClCompile>
    <ClCompile Include="Tools\EraseTool.cpp">
      <Filter>Tools</Filter>
    </ClCompile>
    <ClCompile Include="GradientDialog.cpp">
      <Filter>Dialogs</Filter>
    </ClCompile>
    <ClCompile Include="Dialogs\ExportDialog.cpp">
      <Filter>Dialogs</Filter>
    </ClCompile>
    <ClCompile Include="Tools\GradientFillTool.cpp">
      <Filter>Tools</Filter>
    </ClCompile>
    <ClCompile Include="Import\ORAImporter.cpp">
      <Filter>Source Files</Filter>
    </ClCompile>
    <ClCompile Include="Import\PSDImporter.cpp">
      <Filter>Source Files</Filter>
    </ClCompile>
    <ClCompile Include="third_party\src\adjustment.c">
      <Filter>Source Files</Filter>
    </ClCompile>
    <ClCompile Include="third_party\src\bevel_emboss.c">
      <Filter>Source Files</Filter>
    </ClCompile>
    <ClCompile Include="third_party\src\bitmap.c">
      <Filter>Source Files</Filter>
    </ClCompile>
    <ClCompile Include="third_party\src\blend.c">
      <Filter>Source Files</Filter>
    </ClCompile>
    <ClCompile Include="third_party\src\boundary.c">
      <Filter>Source Files</Filter>
    </ClCompile>
    <ClCompile Include="third_party\src\brightness_contrast.c">
      <Filter>Source Files</Filter>
    </ClCompile>
    <ClCompile Include="third_party\src\channel_image.c">
      <Filter>Source Files</Filter>
    </ClCompile>
    <ClCompile Include="third_party\src\channel_mixer.c">
      <Filter>Source Files</Filter>
    </ClCompile>
    <ClCompile Include="third_party\src\color.c">
      <Filter>Source Files</Filter>
    </ClCompile>
    <ClCompile Include="third_party\src\color_balance.c">
      <Filter>Source Files</Filter>
    </ClCompile>
    <ClCompile Include="third_party\src\color_mode.c">
      <Filter>Source Files</Filter>
    </ClCompile>
    <ClCompile Include="third_party\src\color_overlay.c">
      <Filter>Source Files</Filter>
    </ClCompile>
    <ClCompile Include="third_party\src\curves.c">
      <Filter>Source Files</Filter>
    </ClCompile>
    <ClCompile Include="third_party\src\descriptor.c">
      <Filter>Source Files</Filter>
    </ClCompile>
    <ClCompile Include="third_party\src\drop_shadow.c">
      <Filter>Source Files</Filter>
    </ClCompile>
    <ClCompile Include="third_party\src\effects.c">
      <Filter>Source Files</Filter>
    </ClCompile>
    <ClCompile Include="third_party\src\file_header.c">
      <Filter>Source Files</Filter>
    </ClCompile>
    <ClCompile Include="third_party\src\fixed.c">
      <Filter>Source Files</Filter>
    </ClCompile>
    <ClCompile Include="third_party\src\gaussian_blur.c">
      <Filter>Source Files</Filter>
    </ClCompile>
    <ClCompile Include="third_party\src\gradient_blend.c">
      <Filter>Source Files</Filter>
    </ClCompile>
    <ClCompile Include="third_party\src\gradient_fill.c">
      <Filter>Source Files</Filter>
    </ClCompile>
    <ClCompile Include="third_party\src\gradient_map.c">
      <Filter>Source Files</Filter>
    </ClCompile>
    <ClCompile Include="third_party\src\gradient_overlay.c">
      <Filter>Source Files</Filter>
    </ClCompile>
    <ClCompile Include="third_party\src\hue_saturation.c">
      <Filter>Source Files</Filter>
    </ClCompile>
    <ClCompile Include="third_party\src\image_data.c">
      <Filter>Source Files</Filter>
    </ClCompile>
    <ClCompile Include="third_party\src\image_resource.c">
      <Filter>Source Files</Filter>
    </ClCompile>
    <ClCompile Include="third_party\src\inner_glow.c">
      <Filter>Source Files</Filter>
    </ClCompile>
    <ClCompile Include="third_party\src\inner_shadow.c">
      <Filter>Source Files</Filter>
    </ClCompile>
    <ClCompile Include="third_party\src\invert.c">
      <Filter>Source Files</Filter>
    </ClCompile>
    <ClCompile Include="third_party\src\layer_mask.c">
      <Filter>Source Files</Filter>
    </ClCompile>
    <ClCompile Include="third_party\src\levels.c">
      <Filter>Source Files</Filter>
    </ClCompile>
    <ClCompile Include="third_party\src\outer_glow.c">
      <Filter>Source Files</Filter>
    </ClCompile>
    <ClCompile Include="third_party\src\path.c">
      <Filter>Source Files</Filter>
    </ClCompile>
    <ClCompile Include="third_party\src\pattern.c">
      <Filter>Source Files</Filter>
    </ClCompile>
    <ClCompile Include="third_party\src\pattern_fill.c">
      <Filter>Source Files</Filter>
    </ClCompile>
    <ClCompile Include="third_party\src\pattern_overlay.c">
      <Filter>Source Files</Filter>
    </ClCompile>
    <ClCompile Include="third_party\src\photo_filter.c">
      <Filter>Source Files</Filter>
    </ClCompile>
    <ClCompile Include="third_party\src\posterize.c">
      <Filter>Source Files</Filter>
    </ClCompile>
    <ClCompile Include="third_party\src\psd.c">
      <Filter>Source Files</Filter>
    </ClCompile>
    <ClCompile Include="third_party\src\psd_system.c">
      <Filter>Source Files</Filter>
    </ClCompile>
    <ClCompile Include="third_party\src\psd_zip.c">
      <Filter>Source Files</Filter>
    </ClCompile>
    <ClCompile Include="third_party\src\rect.c">
      <Filter>Source Files</Filter>
    </ClCompile>
    <ClCompile Include="third_party\src\satin.c">
      <Filter>Source Files</Filter>
    </ClCompile>
    <ClCompile Include="third_party\src\selective_color.c">
      <Filter>Source Files</Filter>
    </ClCompile>
    <ClCompile Include="third_party\src\solid_color.c">
      <Filter>Source Files</Filter>
    </ClCompile>
    <ClCompile Include="third_party\src\stream.c">
      <Filter>Source Files</Filter>
    </ClCompile>
    <ClCompile Include="third_party\src\stroke.c">
      <Filter>Source Files</Filter>
    </ClCompile>
    <ClCompile Include="third_party\src\threshold.c">
      <Filter>Source Files</Filter>
    </ClCompile>
    <ClCompile Include="third_party\src\thumbnail.c">
      <Filter>Source Files</Filter>
    </ClCompile>
    <ClCompile Include="third_party\src\type_tool.c">
      <Filter>Source Files</Filter>
    </ClCompile>
    <ClCompile Include="third_party\test\test.c">
      <Filter>Source Files</Filter>
    </ClCompile>
  </ItemGroup>
  <ItemGroup>
    <QtMoc Include="Canvas.h">
      <Filter>Header Files</Filter>
    </QtMoc>
    <QtMoc Include="MainWindow.h">
      <Filter>Header Files</Filter>
    </QtMoc>
    <QtMoc Include="Timeline.h">
      <Filter>Header Files</Filter>
    </QtMoc>
    <QtMoc Include="Panels\AlignmentPanel.h">
      <Filter>Panels</Filter>
    </QtMoc>
    <QtMoc Include="Panels\ColorPanel.h">
      <Filter>Panels</Filter>
    </QtMoc>
    <QtMoc Include="Panels\LayerManager.h">
      <Filter>Panels</Filter>
    </QtMoc>
    <QtMoc Include="Panels\PropertiesPanel.h">
      <Filter>Panels</Filter>
    </QtMoc>
    <QtMoc Include="Panels\ToolsPanel.h">
      <Filter>Panels</Filter>
    </QtMoc>
    <QtMoc Include="Animation\AnimationController.h">
      <Filter>Animation</Filter>
    </QtMoc>
    <QtMoc Include="Tools\DrawingTool.h">
      <Filter>Tools</Filter>
    </QtMoc>
    <QtMoc Include="Tools\EllipseTool.h">
      <Filter>Tools</Filter>
    </QtMoc>
    <QtMoc Include="Tools\LineTool.h">
      <Filter>Tools</Filter>
    </QtMoc>
    <QtMoc Include="Tools\RectangleTool.h">
      <Filter>Tools</Filter>
    </QtMoc>
    <QtMoc Include="Tools\SelectionTool.h">
      <Filter>Tools</Filter>
    </QtMoc>
    <QtMoc Include="Dialogs\ExportDialog.h">
      <Filter>Dialogs</Filter>
    </QtMoc>
    <QtMoc Include="Tools\TextTool.h">
      <Filter>Tools</Filter>
    </QtMoc>
    <QtMoc Include="Tools\Tool.h">
      <Filter>Tools</Filter>
    </QtMoc>
    <QtMoc Include="BucketFillTool.h">
      <Filter>Tools</Filter>
    </QtMoc>
    <QtMoc Include="Tools\EraseTool.h">
      <Filter>Tools</Filter>
    </QtMoc>
    <QtMoc Include="GradientDialog.h">
      <Filter>Dialogs</Filter>
    </QtMoc>
    <QtMoc Include="Tools\GradientFillTool.h">
      <Filter>Tools</Filter>
    </QtMoc>
  </ItemGroup>
  <ItemGroup>
    <ClInclude Include="Animation\AnimationKeyframe.h">
      <Filter>Animation</Filter>
    </ClInclude>
    <ClInclude Include="Animation\AnimationLayer.h">
      <Filter>Animation</Filter>
    </ClInclude>
    <ClInclude Include="Commands\UndoCommands.h">
      <Filter>Commands</Filter>
    </ClInclude>
    <ClInclude Include="VectorGraphics\VectorGraphicsItem.h">
      <Filter>VectorGraphics</Filter>
    </ClInclude>
    <ClInclude Include="resource.h">
      <Filter>Header Files</Filter>
    </ClInclude>
    <ClInclude Include="Common\FrameTypes.h">
      <Filter>Header Files</Filter>
    </ClInclude>
    <ClInclude Include="Common\CommonIncludes.h">
      <Filter>Header Files</Filter>
    </ClInclude>
    <ClInclude Include="Import\LayerData.h">
      <Filter>Header Files</Filter>
    </ClInclude>
    <ClInclude Include="Import\ORAImporter.h">
      <Filter>Header Files</Filter>
    </ClInclude>
    <ClInclude Include="Import\PSDImporter.h">
      <Filter>Header Files</Filter>
    </ClInclude>
    <ClInclude Include="third_party\include\libpsd.h">
      <Filter>Header Files</Filter>
    </ClInclude>
    <ClInclude Include="third_party\include\psd_color.h">
      <Filter>Header Files</Filter>
    </ClInclude>
    <ClInclude Include="third_party\include\psd_config.h">
      <Filter>Header Files</Filter>
    </ClInclude>
    <ClInclude Include="third_party\include\psd_types.h">
      <Filter>Header Files</Filter>
    </ClInclude>
    <ClInclude Include="third_party\src\psd_bitmap.h">
      <Filter>Header Files</Filter>
    </ClInclude>
    <ClInclude Include="third_party\src\psd_blend.h">
      <Filter>Header Files</Filter>
    </ClInclude>
    <ClInclude Include="third_party\src\psd_descriptor.h">
      <Filter>Header Files</Filter>
    </ClInclude>
    <ClInclude Include="third_party\src\psd_fixed.h">
      <Filter>Header Files</Filter>
    </ClInclude>
    <ClInclude Include="third_party\src\psd_gradient.h">
      <Filter>Header Files</Filter>
    </ClInclude>
    <ClInclude Include="third_party\src\psd_math.h">
      <Filter>Header Files</Filter>
    </ClInclude>
    <ClInclude Include="third_party\src\psd_rect.h">
      <Filter>Header Files</Filter>
    </ClInclude>
    <ClInclude Include="third_party\src\psd_stream.h">
      <Filter>Header Files</Filter>
    </ClInclude>
    <ClInclude Include="third_party\src\psd_system.h">
      <Filter>Header Files</Filter>
    </ClInclude>
  </ItemGroup>
  <ItemGroup>
    <Image Include="resources\icons\arrow-right.png">
      <Filter>Resource Files</Filter>
    </Image>
    <Image Include="resources\icons\branch-closed.png">
      <Filter>Resource Files</Filter>
    </Image>
    <Image Include="resources\icons\branch-open.png">
      <Filter>Resource Files</Filter>
    </Image>
    <Image Include="resources\icons\check.png">
      <Filter>Resource Files</Filter>
    </Image>
    <Image Include="resources\icons\close.png">
      <Filter>Resource Files</Filter>
    </Image>
    <Image Include="resources\icons\Copy.png">
      <Filter>Resource Files</Filter>
    </Image>
    <Image Include="resources\icons\Cut.png">
      <Filter>Resource Files</Filter>
    </Image>
    <Image Include="resources\icons\delete.png">
      <Filter>Resource Files</Filter>
    </Image>
    <Image Include="resources\icons\down-arrow.png">
      <Filter>Resource Files</Filter>
    </Image>
    <Image Include="resources\icons\dropdown.png">
      <Filter>Resource Files</Filter>
    </Image>
    <Image Include="resources\icons\exit.png">
      <Filter>Resource Files</Filter>
    </Image>
    <Image Include="resources\icons\export.png">
      <Filter>Resource Files</Filter>
    </Image>
    <Image Include="resources\icons\float.png">
      <Filter>Resource Files</Filter>
    </Image>
    <Image Include="resources\icons\FrameDirector.ico">
      <Filter>Resource Files</Filter>
    </Image>
    <Image Include="resources\icons\FrameDirector.png">
      <Filter>Resource Files</Filter>
    </Image>
    <Image Include="resources\icons\fullscreen.png">
      <Filter>Resource Files</Filter>
    </Image>
    <Image Include="resources\icons\Grid.png">
      <Filter>Resource Files</Filter>
    </Image>
    <Image Include="resources\icons\group.png">
      <Filter>Resource Files</Filter>
    </Image>
    <Image Include="resources\icons\guides.png">
      <Filter>Resource Files</Filter>
    </Image>
    <Image Include="resources\icons\import.png">
      <Filter>Resource Files</Filter>
    </Image>
    <Image Include="resources\icons\new.png">
      <Filter>Resource Files</Filter>
    </Image>
    <Image Include="resources\icons\open.png">
      <Filter>Resource Files</Filter>
    </Image>
    <Image Include="resources\icons\Paste.png">
      <Filter>Resource Files</Filter>
    </Image>
    <Image Include="resources\icons\pause.png">
      <Filter>Resource Files</Filter>
    </Image>
    <Image Include="resources\icons\Play.png">
      <Filter>Resource Files</Filter>
    </Image>
    <Image Include="resources\icons\recent.png">
      <Filter>Resource Files</Filter>
    </Image>
    <Image Include="resources\icons\redo.png">
      <Filter>Resource Files</Filter>
    </Image>
    <Image Include="resources\icons\rulers.png">
      <Filter>Resource Files</Filter>
    </Image>
    <Image Include="resources\icons\save.png">
      <Filter>Resource Files</Filter>
    </Image>
    <Image Include="resources\icons\save-as.png">
      <Filter>Resource Files</Filter>
    </Image>
    <Image Include="resources\icons\select-all.png">
      <Filter>Resource Files</Filter>
    </Image>
    <Image Include="resources\icons\snap.png">
      <Filter>Resource Files</Filter>
    </Image>
    <Image Include="resources\icons\splash.png">
      <Filter>Resource Files</Filter>
    </Image>
    <Image Include="resources\icons\stop.png">
      <Filter>Resource Files</Filter>
    </Image>
    <Image Include="resources\icons\tool-bucket.png">
      <Filter>Resource Files</Filter>
    </Image>
    <Image Include="resources\icons\tool-draw.png">
      <Filter>Resource Files</Filter>
    </Image>
    <Image Include="resources\icons\tool-ellipse.png">
      <Filter>Resource Files</Filter>
    </Image>
    <Image Include="resources\icons\tool-eraser.png">
      <Filter>Resource Files</Filter>
    </Image>
    <Image Include="resources\icons\tool-eyedropper.png">
      <Filter>Resource Files</Filter>
    </Image>
    <Image Include="resources\icons\tool-hand.png">
      <Filter>Resource Files</Filter>
    </Image>
    <Image Include="resources\icons\tool-line.png">
      <Filter>Resource Files</Filter>
    </Image>
    <Image Include="resources\icons\tool-rectangle.png">
      <Filter>Resource Files</Filter>
    </Image>
    <Image Include="resources\icons\tool-select.png">
      <Filter>Resource Files</Filter>
    </Image>
    <Image Include="resources\icons\tool-text.png">
      <Filter>Resource Files</Filter>
    </Image>
    <Image Include="resources\icons\tool-zoom.png">
      <Filter>Resource Files</Filter>
    </Image>
    <Image Include="resources\icons\undo.png">
      <Filter>Resource Files</Filter>
    </Image>
    <Image Include="resources\icons\ungroup.png">
      <Filter>Resource Files</Filter>
    </Image>
    <Image Include="resources\icons\up-arrow.png">
      <Filter>Resource Files</Filter>
    </Image>
    <Image Include="resources\icons\zoom-100.png">
      <Filter>Resource Files</Filter>
    </Image>
    <Image Include="resources\icons\zoom-fit.png">
      <Filter>Resource Files</Filter>
    </Image>
    <Image Include="resources\icons\zoom-in.png">
      <Filter>Resource Files</Filter>
    </Image>
    <Image Include="resources\icons\zoom-out.png">
      <Filter>Resource Files</Filter>
    </Image>
    <Image Include="..\..\32x32-free-design-icons\png\32x32\tool-gradient.png">
      <Filter>Resource Files</Filter>
    </Image>
  </ItemGroup>
  <ItemGroup>
    <None Include="resources\styles\dark-theme.qss">
      <Filter>Resource Files</Filter>
    </None>
  </ItemGroup>
  <ItemGroup>
    <ResourceCompile Include="FrameDirector.rc">
      <Filter>Resource Files</Filter>
    </ResourceCompile>
  </ItemGroup>
  <ItemGroup>
    <QtRcc Include="resources\icons.qrc">
      <Filter>Resource Files</Filter>
    </QtRcc>
  </ItemGroup>
</Project>